
Microsoft Visual Studio Solution File, Format Version 12.00
# Visual Studio Version 16
VisualStudioVersion = 16.0.29613.14
MinimumVisualStudioVersion = 10.0.40219.1
Project("{FAE04EC0-301F-11D3-BF4B-00C04F79EFBC}") = "FontImageSourcePractice.UWP", "FontImageSourcePractice\FontImageSourcePractice.UWP\FontImageSourcePractice.UWP.csproj", "{DE204EBD-F803-48AF-B98B-592D5B9AA27C}"
EndProject
Project("{FAE04EC0-301F-11D3-BF4B-00C04F79EFBC}") = "FontImageSourcePractice.Android", "FontImageSourcePractice\FontImageSourcePractice.Android\FontImageSourcePractice.Android.csproj", "{54DBD67D-E5ED-461B-A0A7-00500B6D3163}"
EndProject
Project("{FAE04EC0-301F-11D3-BF4B-00C04F79EFBC}") = "FontImageSourcePractice.iOS", "FontImageSourcePractice\FontImageSourcePractice.iOS\FontImageSourcePractice.iOS.csproj", "{45ED1D0F-CE2F-40FE-92ED-85A06F28DE61}"
EndProject
Project("{FAE04EC0-301F-11D3-BF4B-00C04F79EFBC}") = "FontImageSourcePractice", "FontImageSourcePractice\FontImageSourcePractice\FontImageSourcePractice.csproj", "{B35094DF-9ECF-43E2-B958-F8BF5C073430}"
EndProject
Global
	GlobalSection(SolutionConfigurationPlatforms) = preSolution
		Debug|Any CPU = Debug|Any CPU
		Debug|ARM = Debug|ARM
		Debug|iPhone = Debug|iPhone
		Debug|iPhoneSimulator = Debug|iPhoneSimulator
		Debug|x64 = Debug|x64
		Debug|x86 = Debug|x86
		Release|Any CPU = Release|Any CPU
		Release|ARM = Release|ARM
		Release|iPhone = Release|iPhone
		Release|iPhoneSimulator = Release|iPhoneSimulator
		Release|x64 = Release|x64
		Release|x86 = Release|x86
	EndGlobalSection
	GlobalSection(ProjectConfigurationPlatforms) = postSolution
		{DE204EBD-F803-48AF-B98B-592D5B9AA27C}.Debug|Any CPU.ActiveCfg = Debug|x86
		{DE204EBD-F803-48AF-B98B-592D5B9AA27C}.Debug|Any CPU.Build.0 = Debug|x86
		{DE204EBD-F803-48AF-B98B-592D5B9AA27C}.Debug|Any CPU.Deploy.0 = Debug|x86
		{DE204EBD-F803-48AF-B98B-592D5B9AA27C}.Debug|ARM.ActiveCfg = Debug|ARM
		{DE204EBD-F803-48AF-B98B-592D5B9AA27C}.Debug|ARM.Build.0 = Debug|ARM
		{DE204EBD-F803-48AF-B98B-592D5B9AA27C}.Debug|ARM.Deploy.0 = Debug|ARM
		{DE204EBD-F803-48AF-B98B-592D5B9AA27C}.Debug|iPhone.ActiveCfg = Debug|x86
		{DE204EBD-F803-48AF-B98B-592D5B9AA27C}.Debug|iPhone.Build.0 = Debug|x86
		{DE204EBD-F803-48AF-B98B-592D5B9AA27C}.Debug|iPhone.Deploy.0 = Debug|x86
		{DE204EBD-F803-48AF-B98B-592D5B9AA27C}.Debug|iPhoneSimulator.ActiveCfg = Debug|x86
		{DE204EBD-F803-48AF-B98B-592D5B9AA27C}.Debug|iPhoneSimulator.Build.0 = Debug|x86
		{DE204EBD-F803-48AF-B98B-592D5B9AA27C}.Debug|iPhoneSimulator.Deploy.0 = Debug|x86
		{DE204EBD-F803-48AF-B98B-592D5B9AA27C}.Debug|x64.ActiveCfg = Debug|x64
		{DE204EBD-F803-48AF-B98B-592D5B9AA27C}.Debug|x64.Build.0 = Debug|x64
		{DE204EBD-F803-48AF-B98B-592D5B9AA27C}.Debug|x64.Deploy.0 = Debug|x64
		{DE204EBD-F803-48AF-B98B-592D5B9AA27C}.Debug|x86.ActiveCfg = Debug|x86
		{DE204EBD-F803-48AF-B98B-592D5B9AA27C}.Debug|x86.Build.0 = Debug|x86
		{DE204EBD-F803-48AF-B98B-592D5B9AA27C}.Debug|x86.Deploy.0 = Debug|x86
		{DE204EBD-F803-48AF-B98B-592D5B9AA27C}.Release|Any CPU.ActiveCfg = Release|x86
		{DE204EBD-F803-48AF-B98B-592D5B9AA27C}.Release|Any CPU.Build.0 = Release|x86
		{DE204EBD-F803-48AF-B98B-592D5B9AA27C}.Release|Any CPU.Deploy.0 = Release|x86
		{DE204EBD-F803-48AF-B98B-592D5B9AA27C}.Release|ARM.ActiveCfg = Release|ARM
		{DE204EBD-F803-48AF-B98B-592D5B9AA27C}.Release|ARM.Build.0 = Release|ARM
		{DE204EBD-F803-48AF-B98B-592D5B9AA27C}.Release|ARM.Deploy.0 = Release|ARM
		{DE204EBD-F803-48AF-B98B-592D5B9AA27C}.Release|iPhone.ActiveCfg = Release|x86
		{DE204EBD-F803-48AF-B98B-592D5B9AA27C}.Release|iPhone.Build.0 = Release|x86
		{DE204EBD-F803-48AF-B98B-592D5B9AA27C}.Release|iPhone.Deploy.0 = Release|x86
		{DE204EBD-F803-48AF-B98B-592D5B9AA27C}.Release|iPhoneSimulator.ActiveCfg = Release|x86
		{DE204EBD-F803-48AF-B98B-592D5B9AA27C}.Release|iPhoneSimulator.Build.0 = Release|x86
		{DE204EBD-F803-48AF-B98B-592D5B9AA27C}.Release|iPhoneSimulator.Deploy.0 = Release|x86
		{DE204EBD-F803-48AF-B98B-592D5B9AA27C}.Release|x64.ActiveCfg = Release|x64
		{DE204EBD-F803-48AF-B98B-592D5B9AA27C}.Release|x64.Build.0 = Release|x64
		{DE204EBD-F803-48AF-B98B-592D5B9AA27C}.Release|x64.Deploy.0 = Release|x64
		{DE204EBD-F803-48AF-B98B-592D5B9AA27C}.Release|x86.ActiveCfg = Release|x86
		{DE204EBD-F803-48AF-B98B-592D5B9AA27C}.Release|x86.Build.0 = Release|x86
		{DE204EBD-F803-48AF-B98B-592D5B9AA27C}.Release|x86.Deploy.0 = Release|x86
		{54DBD67D-E5ED-461B-A0A7-00500B6D3163}.Debug|Any CPU.ActiveCfg = Debug|Any CPU
		{54DBD67D-E5ED-461B-A0A7-00500B6D3163}.Debug|Any CPU.Build.0 = Debug|Any CPU
		{54DBD67D-E5ED-461B-A0A7-00500B6D3163}.Debug|Any CPU.Deploy.0 = Debug|Any CPU
		{54DBD67D-E5ED-461B-A0A7-00500B6D3163}.Debug|ARM.ActiveCfg = Debug|Any CPU
		{54DBD67D-E5ED-461B-A0A7-00500B6D3163}.Debug|ARM.Build.0 = Debug|Any CPU
		{54DBD67D-E5ED-461B-A0A7-00500B6D3163}.Debug|ARM.Deploy.0 = Debug|Any CPU
		{54DBD67D-E5ED-461B-A0A7-00500B6D3163}.Debug|iPhone.ActiveCfg = Debug|Any CPU
		{54DBD67D-E5ED-461B-A0A7-00500B6D3163}.Debug|iPhone.Build.0 = Debug|Any CPU
		{54DBD67D-E5ED-461B-A0A7-00500B6D3163}.Debug|iPhone.Deploy.0 = Debug|Any CPU
		{54DBD67D-E5ED-461B-A0A7-00500B6D3163}.Debug|iPhoneSimulator.ActiveCfg = Debug|Any CPU
		{54DBD67D-E5ED-461B-A0A7-00500B6D3163}.Debug|iPhoneSimulator.Build.0 = Debug|Any CPU
		{54DBD67D-E5ED-461B-A0A7-00500B6D3163}.Debug|iPhoneSimulator.Deploy.0 = Debug|Any CPU
		{54DBD67D-E5ED-461B-A0A7-00500B6D3163}.Debug|x64.ActiveCfg = Debug|Any CPU
		{54DBD67D-E5ED-461B-A0A7-00500B6D3163}.Debug|x64.Build.0 = Debug|Any CPU
		{54DBD67D-E5ED-461B-A0A7-00500B6D3163}.Debug|x64.Deploy.0 = Debug|Any CPU
		{54DBD67D-E5ED-461B-A0A7-00500B6D3163}.Debug|x86.ActiveCfg = Debug|Any CPU
		{54DBD67D-E5ED-461B-A0A7-00500B6D3163}.Debug|x86.Build.0 = Debug|Any CPU
		{54DBD67D-E5ED-461B-A0A7-00500B6D3163}.Debug|x86.Deploy.0 = Debug|Any CPU
		{54DBD67D-E5ED-461B-A0A7-00500B6D3163}.Release|Any CPU.ActiveCfg = Release|Any CPU
		{54DBD67D-E5ED-461B-A0A7-00500B6D3163}.Release|Any CPU.Build.0 = Release|Any CPU
		{54DBD67D-E5ED-461B-A0A7-00500B6D3163}.Release|Any CPU.Deploy.0 = Release|Any CPU
		{54DBD67D-E5ED-461B-A0A7-00500B6D3163}.Release|ARM.ActiveCfg = Release|Any CPU
		{54DBD67D-E5ED-461B-A0A7-00500B6D3163}.Release|ARM.Build.0 = Release|Any CPU
		{54DBD67D-E5ED-461B-A0A7-00500B6D3163}.Release|ARM.Deploy.0 = Release|Any CPU
		{54DBD67D-E5ED-461B-A0A7-00500B6D3163}.Release|iPhone.ActiveCfg = Release|Any CPU
		{54DBD67D-E5ED-461B-A0A7-00500B6D3163}.Release|iPhone.Build.0 = Release|Any CPU
		{54DBD67D-E5ED-461B-A0A7-00500B6D3163}.Release|iPhone.Deploy.0 = Release|Any CPU
		{54DBD67D-E5ED-461B-A0A7-00500B6D3163}.Release|iPhoneSimulator.ActiveCfg = Release|Any CPU
		{54DBD67D-E5ED-461B-A0A7-00500B6D3163}.Release|iPhoneSimulator.Build.0 = Release|Any CPU
		{54DBD67D-E5ED-461B-A0A7-00500B6D3163}.Release|iPhoneSimulator.Deploy.0 = Release|Any CPU
		{54DBD67D-E5ED-461B-A0A7-00500B6D3163}.Release|x64.ActiveCfg = Release|Any CPU
		{54DBD67D-E5ED-461B-A0A7-00500B6D3163}.Release|x64.Build.0 = Release|Any CPU
		{54DBD67D-E5ED-461B-A0A7-00500B6D3163}.Release|x64.Deploy.0 = Release|Any CPU
		{54DBD67D-E5ED-461B-A0A7-00500B6D3163}.Release|x86.ActiveCfg = Release|Any CPU
		{54DBD67D-E5ED-461B-A0A7-00500B6D3163}.Release|x86.Build.0 = Release|Any CPU
		{54DBD67D-E5ED-461B-A0A7-00500B6D3163}.Release|x86.Deploy.0 = Release|Any CPU
		{45ED1D0F-CE2F-40FE-92ED-85A06F28DE61}.Debug|Any CPU.ActiveCfg = Debug|iPhone
		{45ED1D0F-CE2F-40FE-92ED-85A06F28DE61}.Debug|Any CPU.Build.0 = Debug|iPhone
		{45ED1D0F-CE2F-40FE-92ED-85A06F28DE61}.Debug|Any CPU.Deploy.0 = Debug|iPhone
		{45ED1D0F-CE2F-40FE-92ED-85A06F28DE61}.Debug|ARM.ActiveCfg = Debug|iPhoneSimulator
		{45ED1D0F-CE2F-40FE-92ED-85A06F28DE61}.Debug|ARM.Build.0 = Debug|iPhoneSimulator
		{45ED1D0F-CE2F-40FE-92ED-85A06F28DE61}.Debug|ARM.Deploy.0 = Debug|iPhoneSimulator
		{45ED1D0F-CE2F-40FE-92ED-85A06F28DE61}.Debug|iPhone.ActiveCfg = Debug|iPhone
		{45ED1D0F-CE2F-40FE-92ED-85A06F28DE61}.Debug|iPhone.Build.0 = Debug|iPhone
		{45ED1D0F-CE2F-40FE-92ED-85A06F28DE61}.Debug|iPhone.Deploy.0 = Debug|iPhone
		{45ED1D0F-CE2F-40FE-92ED-85A06F28DE61}.Debug|iPhoneSimulator.ActiveCfg = Debug|iPhoneSimulator
		{45ED1D0F-CE2F-40FE-92ED-85A06F28DE61}.Debug|iPhoneSimulator.Build.0 = Debug|iPhoneSimulator
		{45ED1D0F-CE2F-40FE-92ED-85A06F28DE61}.Debug|iPhoneSimulator.Deploy.0 = Debug|iPhoneSimulator
		{45ED1D0F-CE2F-40FE-92ED-85A06F28DE61}.Debug|x64.ActiveCfg = Debug|iPhone
		{45ED1D0F-CE2F-40FE-92ED-85A06F28DE61}.Debug|x64.Build.0 = Debug|iPhone
		{45ED1D0F-CE2F-40FE-92ED-85A06F28DE61}.Debug|x64.Deploy.0 = Debug|iPhone
		{45ED1D0F-CE2F-40FE-92ED-85A06F28DE61}.Debug|x86.ActiveCfg = Debug|iPhone
		{45ED1D0F-CE2F-40FE-92ED-85A06F28DE61}.Debug|x86.Build.0 = Debug|iPhone
		{45ED1D0F-CE2F-40FE-92ED-85A06F28DE61}.Debug|x86.Deploy.0 = Debug|iPhone
		{45ED1D0F-CE2F-40FE-92ED-85A06F28DE61}.Release|Any CPU.ActiveCfg = Release|iPhone
		{45ED1D0F-CE2F-40FE-92ED-85A06F28DE61}.Release|Any CPU.Build.0 = Release|iPhone
		{45ED1D0F-CE2F-40FE-92ED-85A06F28DE61}.Release|Any CPU.Deploy.0 = Release|iPhone
		{45ED1D0F-CE2F-40FE-92ED-85A06F28DE61}.Release|ARM.ActiveCfg = Release|iPhone
		{45ED1D0F-CE2F-40FE-92ED-85A06F28DE61}.Release|ARM.Build.0 = Release|iPhone
		{45ED1D0F-CE2F-40FE-92ED-85A06F28DE61}.Release|ARM.Deploy.0 = Release|iPhone
		{45ED1D0F-CE2F-40FE-92ED-85A06F28DE61}.Release|iPhone.ActiveCfg = Release|iPhone
		{45ED1D0F-CE2F-40FE-92ED-85A06F28DE61}.Release|iPhone.Build.0 = Release|iPhone
		{45ED1D0F-CE2F-40FE-92ED-85A06F28DE61}.Release|iPhone.Deploy.0 = Release|iPhone
		{45ED1D0F-CE2F-40FE-92ED-85A06F28DE61}.Release|iPhoneSimulator.ActiveCfg = Release|iPhoneSimulator
		{45ED1D0F-CE2F-40FE-92ED-85A06F28DE61}.Release|iPhoneSimulator.Build.0 = Release|iPhoneSimulator
		{45ED1D0F-CE2F-40FE-92ED-85A06F28DE61}.Release|iPhoneSimulator.Deploy.0 = Release|iPhoneSimulator
		{45ED1D0F-CE2F-40FE-92ED-85A06F28DE61}.Release|x64.ActiveCfg = Release|iPhone
		{45ED1D0F-CE2F-40FE-92ED-85A06F28DE61}.Release|x64.Build.0 = Release|iPhone
		{45ED1D0F-CE2F-40FE-92ED-85A06F28DE61}.Release|x64.Deploy.0 = Release|iPhone
		{45ED1D0F-CE2F-40FE-92ED-85A06F28DE61}.Release|x86.ActiveCfg = Release|iPhone
		{45ED1D0F-CE2F-40FE-92ED-85A06F28DE61}.Release|x86.Build.0 = Release|iPhone
		{45ED1D0F-CE2F-40FE-92ED-85A06F28DE61}.Release|x86.Deploy.0 = Release|iPhone
		{B35094DF-9ECF-43E2-B958-F8BF5C073430}.Debug|Any CPU.ActiveCfg = Debug|Any CPU
		{B35094DF-9ECF-43E2-B958-F8BF5C073430}.Debug|Any CPU.Build.0 = Debug|Any CPU
		{B35094DF-9ECF-43E2-B958-F8BF5C073430}.Debug|Any CPU.Deploy.0 = Debug|Any CPU
		{B35094DF-9ECF-43E2-B958-F8BF5C073430}.Debug|ARM.ActiveCfg = Debug|Any CPU
		{B35094DF-9ECF-43E2-B958-F8BF5C073430}.Debug|ARM.Build.0 = Debug|Any CPU
		{B35094DF-9ECF-43E2-B958-F8BF5C073430}.Debug|ARM.Deploy.0 = Debug|Any CPU
		{B35094DF-9ECF-43E2-B958-F8BF5C073430}.Debug|iPhone.ActiveCfg = Debug|Any CPU
		{B35094DF-9ECF-43E2-B958-F8BF5C073430}.Debug|iPhone.Build.0 = Debug|Any CPU
		{B35094DF-9ECF-43E2-B958-F8BF5C073430}.Debug|iPhone.Deploy.0 = Debug|Any CPU
		{B35094DF-9ECF-43E2-B958-F8BF5C073430}.Debug|iPhoneSimulator.ActiveCfg = Debug|Any CPU
		{B35094DF-9ECF-43E2-B958-F8BF5C073430}.Debug|iPhoneSimulator.Build.0 = Debug|Any CPU
		{B35094DF-9ECF-43E2-B958-F8BF5C073430}.Debug|iPhoneSimulator.Deploy.0 = Debug|Any CPU
		{B35094DF-9ECF-43E2-B958-F8BF5C073430}.Debug|x64.ActiveCfg = Debug|Any CPU
		{B35094DF-9ECF-43E2-B958-F8BF5C073430}.Debug|x64.Build.0 = Debug|Any CPU
		{B35094DF-9ECF-43E2-B958-F8BF5C073430}.Debug|x64.Deploy.0 = Debug|Any CPU
		{B35094DF-9ECF-43E2-B958-F8BF5C073430}.Debug|x86.ActiveCfg = Debug|Any CPU
		{B35094DF-9ECF-43E2-B958-F8BF5C073430}.Debug|x86.Build.0 = Debug|Any CPU
		{B35094DF-9ECF-43E2-B958-F8BF5C073430}.Debug|x86.Deploy.0 = Debug|Any CPU
		{B35094DF-9ECF-43E2-B958-F8BF5C073430}.Release|Any CPU.ActiveCfg = Release|Any CPU
		{B35094DF-9ECF-43E2-B958-F8BF5C073430}.Release|Any CPU.Build.0 = Release|Any CPU
		{B35094DF-9ECF-43E2-B958-F8BF5C073430}.Release|Any CPU.Deploy.0 = Release|Any CPU
		{B35094DF-9ECF-43E2-B958-F8BF5C073430}.Release|ARM.ActiveCfg = Release|Any CPU
		{B35094DF-9ECF-43E2-B958-F8BF5C073430}.Release|ARM.Build.0 = Release|Any CPU
		{B35094DF-9ECF-43E2-B958-F8BF5C073430}.Release|ARM.Deploy.0 = Release|Any CPU
		{B35094DF-9ECF-43E2-B958-F8BF5C073430}.Release|iPhone.ActiveCfg = Release|Any CPU
		{B35094DF-9ECF-43E2-B958-F8BF5C073430}.Release|iPhone.Build.0 = Release|Any CPU
		{B35094DF-9ECF-43E2-B958-F8BF5C073430}.Release|iPhone.Deploy.0 = Release|Any CPU
		{B35094DF-9ECF-43E2-B958-F8BF5C073430}.Release|iPhoneSimulator.ActiveCfg = Release|Any CPU
		{B35094DF-9ECF-43E2-B958-F8BF5C073430}.Release|iPhoneSimulator.Build.0 = Release|Any CPU
		{B35094DF-9ECF-43E2-B958-F8BF5C073430}.Release|iPhoneSimulator.Deploy.0 = Release|Any CPU
		{B35094DF-9ECF-43E2-B958-F8BF5C073430}.Release|x64.ActiveCfg = Release|Any CPU
		{B35094DF-9ECF-43E2-B958-F8BF5C073430}.Release|x64.Build.0 = Release|Any CPU
		{B35094DF-9ECF-43E2-B958-F8BF5C073430}.Release|x64.Deploy.0 = Release|Any CPU
		{B35094DF-9ECF-43E2-B958-F8BF5C073430}.Release|x86.ActiveCfg = Release|Any CPU
		{B35094DF-9ECF-43E2-B958-F8BF5C073430}.Release|x86.Build.0 = Release|Any CPU
		{B35094DF-9ECF-43E2-B958-F8BF5C073430}.Release|x86.Deploy.0 = Release|Any CPU
	EndGlobalSection
	GlobalSection(SolutionProperties) = preSolution
		HideSolutionNode = FALSE
	EndGlobalSection
	GlobalSection(ExtensibilityGlobals) = postSolution
		SolutionGuid = {85C20D49-DC90-48D7-B0FD-38A6B6334FFA}
	EndGlobalSection
EndGlobal
